// !$*UTF8*$!
{
	archiveVersion = 1;
	classes = {
	};
	objectVersion = 52;
	objects = {

/* Begin PBXBuildFile section */
		44D4D3AE58BF70297FC3A6A7 /* Pods_InabaFlippingCardGame_SwiftUI_InabaFlippingCardGame_SwiftUIUITests.framework in Frameworks */ = {isa = PBXBuildFile; fileRef = E2D17CF3F501AD147429DA91 /* Pods_InabaFlippingCardGame_SwiftUI_InabaFlippingCardGame_SwiftUIUITests.framework */; };
		47D7A15DD0E06BD1A4AB50CE /* Pods_InabaFlippingCardGame_SwiftUI.framework in Frameworks */ = {isa = PBXBuildFile; fileRef = 21F8234771EC72D5A4E9B980 /* Pods_InabaFlippingCardGame_SwiftUI.framework */; };
		591F6BD72441D59C00D2ACB6 /* LobbyPage.swift in Sources */ = {isa = PBXBuildFile; fileRef = 591F6BD62441D59C00D2ACB6 /* LobbyPage.swift */; };
		591F6BD924421EE800D2ACB6 /* GoogleService-Info.plist in Resources */ = {isa = PBXBuildFile; fileRef = 591F6BD824421EE800D2ACB6 /* GoogleService-Info.plist */; };
		591F6BDB24421EF200D2ACB6 /* GoogleService-Info.plist in Resources */ = {isa = PBXBuildFile; fileRef = 591F6BDA24421EF200D2ACB6 /* GoogleService-Info.plist */; };
		591F6BDD24421EF700D2ACB6 /* GoogleService-Info.plist in Resources */ = {isa = PBXBuildFile; fileRef = 591F6BDC24421EF700D2ACB6 /* GoogleService-Info.plist */; };
		59450009241B76AA0072E035 /* InabaFlippingCardGame_SwiftUIUITests.swift in Sources */ = {isa = PBXBuildFile; fileRef = 59450008241B76AA0072E035 /* InabaFlippingCardGame_SwiftUIUITests.swift */; };
		5945FFE7241B76A70072E035 /* AppDelegate.swift in Sources */ = {isa = PBXBuildFile; fileRef = 5945FFE6241B76A70072E035 /* AppDelegate.swift */; };
		5945FFE9241B76A70072E035 /* SceneDelegate.swift in Sources */ = {isa = PBXBuildFile; fileRef = 5945FFE8241B76A70072E035 /* SceneDelegate.swift */; };
		5945FFEB241B76A70072E035 /* ContentView.swift in Sources */ = {isa = PBXBuildFile; fileRef = 5945FFEA241B76A70072E035 /* ContentView.swift */; };
		5945FFED241B76AA0072E035 /* Assets.xcassets in Resources */ = {isa = PBXBuildFile; fileRef = 5945FFEC241B76AA0072E035 /* Assets.xcassets */; };
		5945FFF0241B76AA0072E035 /* Preview Assets.xcassets in Resources */ = {isa = PBXBuildFile; fileRef = 5945FFEF241B76AA0072E035 /* Preview Assets.xcassets */; };
		5945FFF3241B76AA0072E035 /* LaunchScreen.storyboard in Resources */ = {isa = PBXBuildFile; fileRef = 5945FFF1241B76AA0072E035 /* LaunchScreen.storyboard */; };
		5945FFFE241B76AA0072E035 /* InabaFlippingCardGame_SwiftUITests.swift in Sources */ = {isa = PBXBuildFile; fileRef = 5945FFFD241B76AA0072E035 /* InabaFlippingCardGame_SwiftUITests.swift */; };
		59E27614244227D1003F3239 /* PlayGameFightWithYourSelfPage.swift in Sources */ = {isa = PBXBuildFile; fileRef = 59E27613244227D1003F3239 /* PlayGameFightWithYourSelfPage.swift */; };
		59E2761624422854003F3239 /* PlayGameFirestoreOnlinePage.swift in Sources */ = {isa = PBXBuildFile; fileRef = 59E2761524422854003F3239 /* PlayGameFirestoreOnlinePage.swift */; };
		59E27618244228A5003F3239 /* FirestoreViewModel.swift in Sources */ = {isa = PBXBuildFile; fileRef = 59E27617244228A5003F3239 /* FirestoreViewModel.swift */; };
		59E2761B2442B53F003F3239 /* QGrid in Frameworks */ = {isa = PBXBuildFile; productRef = 59E2761A2442B53F003F3239 /* QGrid */; };
		CFEDFDE41E2647AEB018037C /* Pods_InabaFlippingCardGame_SwiftUITests.framework in Frameworks */ = {isa = PBXBuildFile; fileRef = B89C8218C41D34923FB99537 /* Pods_InabaFlippingCardGame_SwiftUITests.framework */; };
/* End PBXBuildFile section */

/* Begin PBXContainerItemProxy section */
		59450005241B76AA0072E035 /* PBXContainerItemProxy */ = {
			isa = PBXContainerItemProxy;
			containerPortal = 5945FFDB241B76A70072E035 /* Project object */;
			proxyType = 1;
			remoteGlobalIDString = 5945FFE2241B76A70072E035;
			remoteInfo = "InabaFlippingCardGame-SwiftUI";
		};
		5945FFFA241B76AA0072E035 /* PBXContainerItemProxy */ = {
			isa = PBXContainerItemProxy;
			containerPortal = 5945FFDB241B76A70072E035 /* Project object */;
			proxyType = 1;
			remoteGlobalIDString = 5945FFE2241B76A70072E035;
			remoteInfo = "InabaFlippingCardGame-SwiftUI";
		};
/* End PBXContainerItemProxy section */

/* Begin PBXFileReference section */
		21F8234771EC72D5A4E9B980 /* Pods_InabaFlippingCardGame_SwiftUI.framework */ = {isa = PBXFileReference; explicitFileType = wrapper.framework; includeInIndex = 0; path = Pods_InabaFlippingCardGame_SwiftUI.framework; sourceTree = BUILT_PRODUCTS_DIR; };
		512EFD80C761E3D50A52084E /* Pods-InabaFlippingCardGame-SwiftUI-InabaFlippingCardGame-SwiftUIUITests.release.xcconfig */ = {isa = PBXFileReference; includeInIndex = 1; lastKnownFileType = text.xcconfig; name = "Pods-InabaFlippingCardGame-SwiftUI-InabaFlippingCardGame-SwiftUIUITests.release.xcconfig"; path = "Target Support Files/Pods-InabaFlippingCardGame-SwiftUI-InabaFlippingCardGame-SwiftUIUITests/Pods-InabaFlippingCardGame-SwiftUI-InabaFlippingCardGame-SwiftUIUITests.release.xcconfig"; sourceTree = "<group>"; };
		591F6BD62441D59C00D2ACB6 /* LobbyPage.swift */ = {isa = PBXFileReference; lastKnownFileType = sourcecode.swift; path = LobbyPage.swift; sourceTree = "<group>"; };
		591F6BD824421EE800D2ACB6 /* GoogleService-Info.plist */ = {isa = PBXFileReference; fileEncoding = 4; lastKnownFileType = text.plist.xml; path = "GoogleService-Info.plist"; sourceTree = "<group>"; };
		591F6BDA24421EF200D2ACB6 /* GoogleService-Info.plist */ = {isa = PBXFileReference; fileEncoding = 4; lastKnownFileType = text.plist.xml; path = "GoogleService-Info.plist"; sourceTree = "<group>"; };
		591F6BDC24421EF700D2ACB6 /* GoogleService-Info.plist */ = {isa = PBXFileReference; fileEncoding = 4; lastKnownFileType = text.plist.xml; path = "GoogleService-Info.plist"; sourceTree = "<group>"; };
		59450004241B76AA0072E035 /* InabaFlippingCardGame-SwiftUIUITests.xctest */ = {isa = PBXFileReference; explicitFileType = wrapper.cfbundle; includeInIndex = 0; path = "InabaFlippingCardGame-SwiftUIUITests.xctest"; sourceTree = BUILT_PRODUCTS_DIR; };
		59450008241B76AA0072E035 /* InabaFlippingCardGame_SwiftUIUITests.swift */ = {isa = PBXFileReference; lastKnownFileType = sourcecode.swift; path = InabaFlippingCardGame_SwiftUIUITests.swift; sourceTree = "<group>"; };
		5945000A241B76AA0072E035 /* Info.plist */ = {isa = PBXFileReference; lastKnownFileType = text.plist.xml; path = Info.plist; sourceTree = "<group>"; };
		5945FFE3241B76A70072E035 /* InabaFlippingCardGame-SwiftUI.app */ = {isa = PBXFileReference; explicitFileType = wrapper.application; includeInIndex = 0; path = "InabaFlippingCardGame-SwiftUI.app"; sourceTree = BUILT_PRODUCTS_DIR; };
		5945FFE6241B76A70072E035 /* AppDelegate.swift */ = {isa = PBXFileReference; lastKnownFileType = sourcecode.swift; path = AppDelegate.swift; sourceTree = "<group>"; };
		5945FFE8241B76A70072E035 /* SceneDelegate.swift */ = {isa = PBXFileReference; lastKnownFileType = sourcecode.swift; path = SceneDelegate.swift; sourceTree = "<group>"; };
		5945FFEA241B76A70072E035 /* ContentView.swift */ = {isa = PBXFileReference; lastKnownFileType = sourcecode.swift; path = ContentView.swift; sourceTree = "<group>"; };
		5945FFEC241B76AA0072E035 /* Assets.xcassets */ = {isa = PBXFileReference; lastKnownFileType = folder.assetcatalog; path = Assets.xcassets; sourceTree = "<group>"; };
		5945FFEF241B76AA0072E035 /* Preview Assets.xcassets */ = {isa = PBXFileReference; lastKnownFileType = folder.assetcatalog; path = "Preview Assets.xcassets"; sourceTree = "<group>"; };
		5945FFF2241B76AA0072E035 /* Base */ = {isa = PBXFileReference; lastKnownFileType = file.storyboard; name = Base; path = Base.lproj/LaunchScreen.storyboard; sourceTree = "<group>"; };
		5945FFF4241B76AA0072E035 /* Info.plist */ = {isa = PBXFileReference; lastKnownFileType = text.plist.xml; path = Info.plist; sourceTree = "<group>"; };
		5945FFF9241B76AA0072E035 /* InabaFlippingCardGame-SwiftUITests.xctest */ = {isa = PBXFileReference; explicitFileType = wrapper.cfbundle; includeInIndex = 0; path = "InabaFlippingCardGame-SwiftUITests.xctest"; sourceTree = BUILT_PRODUCTS_DIR; };
		5945FFFD241B76AA0072E035 /* InabaFlippingCardGame_SwiftUITests.swift */ = {isa = PBXFileReference; lastKnownFileType = sourcecode.swift; path = InabaFlippingCardGame_SwiftUITests.swift; sourceTree = "<group>"; };
		5945FFFF241B76AA0072E035 /* Info.plist */ = {isa = PBXFileReference; lastKnownFileType = text.plist.xml; path = Info.plist; sourceTree = "<group>"; };
		59E27613244227D1003F3239 /* PlayGameFightWithYourSelfPage.swift */ = {isa = PBXFileReference; lastKnownFileType = sourcecode.swift; path = PlayGameFightWithYourSelfPage.swift; sourceTree = "<group>"; };
		59E2761524422854003F3239 /* PlayGameFirestoreOnlinePage.swift */ = {isa = PBXFileReference; lastKnownFileType = sourcecode.swift; path = PlayGameFirestoreOnlinePage.swift; sourceTree = "<group>"; };
		59E27617244228A5003F3239 /* FirestoreViewModel.swift */ = {isa = PBXFileReference; lastKnownFileType = sourcecode.swift; path = FirestoreViewModel.swift; sourceTree = "<group>"; };
		60CFC430578D352FA534BBCF /* Pods-InabaFlippingCardGame-SwiftUITests.release.xcconfig */ = {isa = PBXFileReference; includeInIndex = 1; lastKnownFileType = text.xcconfig; name = "Pods-InabaFlippingCardGame-SwiftUITests.release.xcconfig"; path = "Target Support Files/Pods-InabaFlippingCardGame-SwiftUITests/Pods-InabaFlippingCardGame-SwiftUITests.release.xcconfig"; sourceTree = "<group>"; };
		A677F63E84D5C7AA949BB8D7 /* Pods-InabaFlippingCardGame-SwiftUITests.debug.xcconfig */ = {isa = PBXFileReference; includeInIndex = 1; lastKnownFileType = text.xcconfig; name = "Pods-InabaFlippingCardGame-SwiftUITests.debug.xcconfig"; path = "Target Support Files/Pods-InabaFlippingCardGame-SwiftUITests/Pods-InabaFlippingCardGame-SwiftUITests.debug.xcconfig"; sourceTree = "<group>"; };
		B7D6E59996C6FA1068FC5C25 /* Pods-InabaFlippingCardGame-SwiftUI.release.xcconfig */ = {isa = PBXFileReference; includeInIndex = 1; lastKnownFileType = text.xcconfig; name = "Pods-InabaFlippingCardGame-SwiftUI.release.xcconfig"; path = "Target Support Files/Pods-InabaFlippingCardGame-SwiftUI/Pods-InabaFlippingCardGame-SwiftUI.release.xcconfig"; sourceTree = "<group>"; };
		B89C8218C41D34923FB99537 /* Pods_InabaFlippingCardGame_SwiftUITests.framework */ = {isa = PBXFileReference; explicitFileType = wrapper.framework; includeInIndex = 0; path = Pods_InabaFlippingCardGame_SwiftUITests.framework; sourceTree = BUILT_PRODUCTS_DIR; };
		C5524642DBD506E04D9FC03E /* Pods-InabaFlippingCardGame-SwiftUI-InabaFlippingCardGame-SwiftUIUITests.debug.xcconfig */ = {isa = PBXFileReference; includeInIndex = 1; lastKnownFileType = text.xcconfig; name = "Pods-InabaFlippingCardGame-SwiftUI-InabaFlippingCardGame-SwiftUIUITests.debug.xcconfig"; path = "Target Support Files/Pods-InabaFlippingCardGame-SwiftUI-InabaFlippingCardGame-SwiftUIUITests/Pods-InabaFlippingCardGame-SwiftUI-InabaFlippingCardGame-SwiftUIUITests.debug.xcconfig"; sourceTree = "<group>"; };
		E2D17CF3F501AD147429DA91 /* Pods_InabaFlippingCardGame_SwiftUI_InabaFlippingCardGame_SwiftUIUITests.framework */ = {isa = PBXFileReference; explicitFileType = wrapper.framework; includeInIndex = 0; path = Pods_InabaFlippingCardGame_SwiftUI_InabaFlippingCardGame_SwiftUIUITests.framework; sourceTree = BUILT_PRODUCTS_DIR; };
		FC6CCCE9FA661386D181A060 /* Pods-InabaFlippingCardGame-SwiftUI.debug.xcconfig */ = {isa = PBXFileReference; includeInIndex = 1; lastKnownFileType = text.xcconfig; name = "Pods-InabaFlippingCardGame-SwiftUI.debug.xcconfig"; path = "Target Support Files/Pods-InabaFlippingCardGame-SwiftUI/Pods-InabaFlippingCardGame-SwiftUI.debug.xcconfig"; sourceTree = "<group>"; };
/* End PBXFileReference section */

/* Begin PBXFrameworksBuildPhase section */
		59450001241B76AA0072E035 /* Frameworks */ = {
			isa = PBXFrameworksBuildPhase;
			buildActionMask = 2147483647;
			files = (
				44D4D3AE58BF70297FC3A6A7 /* Pods_InabaFlippingCardGame_SwiftUI_InabaFlippingCardGame_SwiftUIUITests.framework in Frameworks */,
			);
			runOnlyForDeploymentPostprocessing = 0;
		};
		5945FFE0241B76A70072E035 /* Frameworks */ = {
			isa = PBXFrameworksBuildPhase;
			buildActionMask = 2147483647;
			files = (
				59E2761B2442B53F003F3239 /* QGrid in Frameworks */,
				47D7A15DD0E06BD1A4AB50CE /* Pods_InabaFlippingCardGame_SwiftUI.framework in Frameworks */,
			);
			runOnlyForDeploymentPostprocessing = 0;
		};
		5945FFF6241B76AA0072E035 /* Frameworks */ = {
			isa = PBXFrameworksBuildPhase;
			buildActionMask = 2147483647;
			files = (
				CFEDFDE41E2647AEB018037C /* Pods_InabaFlippingCardGame_SwiftUITests.framework in Frameworks */,
			);
			runOnlyForDeploymentPostprocessing = 0;
		};
/* End PBXFrameworksBuildPhase section */

/* Begin PBXGroup section */
		59450007241B76AA0072E035 /* InabaFlippingCardGame-SwiftUIUITests */ = {
			isa = PBXGroup;
			children = (
				59450008241B76AA0072E035 /* InabaFlippingCardGame_SwiftUIUITests.swift */,
				5945000A241B76AA0072E035 /* Info.plist */,
				591F6BDC24421EF700D2ACB6 /* GoogleService-Info.plist */,
			);
			path = "InabaFlippingCardGame-SwiftUIUITests";
			sourceTree = "<group>";
		};
		5945FFDA241B76A70072E035 = {
			isa = PBXGroup;
			children = (
				5945FFE5241B76A70072E035 /* InabaFlippingCardGame-SwiftUI */,
				5945FFFC241B76AA0072E035 /* InabaFlippingCardGame-SwiftUITests */,
				59450007241B76AA0072E035 /* InabaFlippingCardGame-SwiftUIUITests */,
				5945FFE4241B76A70072E035 /* Products */,
				FED9A8B6729C51767F53B0BD /* Pods */,
				87B4044F7CB0466FE89AE134 /* Frameworks */,
			);
			sourceTree = "<group>";
		};
		5945FFE4241B76A70072E035 /* Products */ = {
			isa = PBXGroup;
			children = (
				5945FFE3241B76A70072E035 /* InabaFlippingCardGame-SwiftUI.app */,
				5945FFF9241B76AA0072E035 /* InabaFlippingCardGame-SwiftUITests.xctest */,
				59450004241B76AA0072E035 /* InabaFlippingCardGame-SwiftUIUITests.xctest */,
			);
			name = Products;
			sourceTree = "<group>";
		};
		5945FFE5241B76A70072E035 /* InabaFlippingCardGame-SwiftUI */ = {
			isa = PBXGroup;
			children = (
				5945FFE6241B76A70072E035 /* AppDelegate.swift */,
				5945FFE8241B76A70072E035 /* SceneDelegate.swift */,
				5945FFEA241B76A70072E035 /* ContentView.swift */,
				591F6BD62441D59C00D2ACB6 /* LobbyPage.swift */,
				59E27613244227D1003F3239 /* PlayGameFightWithYourSelfPage.swift */,
				59E2761524422854003F3239 /* PlayGameFirestoreOnlinePage.swift */,
				59E27617244228A5003F3239 /* FirestoreViewModel.swift */,
				5945FFEC241B76AA0072E035 /* Assets.xcassets */,
				5945FFF1241B76AA0072E035 /* LaunchScreen.storyboard */,
				5945FFF4241B76AA0072E035 /* Info.plist */,
				591F6BD824421EE800D2ACB6 /* GoogleService-Info.plist */,
				5945FFEE241B76AA0072E035 /* Preview Content */,
			);
			path = "InabaFlippingCardGame-SwiftUI";
			sourceTree = "<group>";
		};
		5945FFEE241B76AA0072E035 /* Preview Content */ = {
			isa = PBXGroup;
			children = (
				5945FFEF241B76AA0072E035 /* Preview Assets.xcassets */,
			);
			path = "Preview Content";
			sourceTree = "<group>";
		};
		5945FFFC241B76AA0072E035 /* InabaFlippingCardGame-SwiftUITests */ = {
			isa = PBXGroup;
			children = (
				5945FFFD241B76AA0072E035 /* InabaFlippingCardGame_SwiftUITests.swift */,
				5945FFFF241B76AA0072E035 /* Info.plist */,
				591F6BDA24421EF200D2ACB6 /* GoogleService-Info.plist */,
			);
			path = "InabaFlippingCardGame-SwiftUITests";
			sourceTree = "<group>";
		};
		87B4044F7CB0466FE89AE134 /* Frameworks */ = {
			isa = PBXGroup;
			children = (
				21F8234771EC72D5A4E9B980 /* Pods_InabaFlippingCardGame_SwiftUI.framework */,
				E2D17CF3F501AD147429DA91 /* Pods_InabaFlippingCardGame_SwiftUI_InabaFlippingCardGame_SwiftUIUITests.framework */,
				B89C8218C41D34923FB99537 /* Pods_InabaFlippingCardGame_SwiftUITests.framework */,
			);
			name = Frameworks;
			sourceTree = "<group>";
		};
		FED9A8B6729C51767F53B0BD /* Pods */ = {
			isa = PBXGroup;
			children = (
				FC6CCCE9FA661386D181A060 /* Pods-InabaFlippingCardGame-SwiftUI.debug.xcconfig */,
				B7D6E59996C6FA1068FC5C25 /* Pods-InabaFlippingCardGame-SwiftUI.release.xcconfig */,
				C5524642DBD506E04D9FC03E /* Pods-InabaFlippingCardGame-SwiftUI-InabaFlippingCardGame-SwiftUIUITests.debug.xcconfig */,
				512EFD80C761E3D50A52084E /* Pods-InabaFlippingCardGame-SwiftUI-InabaFlippingCardGame-SwiftUIUITests.release.xcconfig */,
				A677F63E84D5C7AA949BB8D7 /* Pods-InabaFlippingCardGame-SwiftUITests.debug.xcconfig */,
				60CFC430578D352FA534BBCF /* Pods-InabaFlippingCardGame-SwiftUITests.release.xcconfig */,
			);
			path = Pods;
			sourceTree = "<group>";
		};
/* End PBXGroup section */

/* Begin PBXNativeTarget section */
		59450003241B76AA0072E035 /* InabaFlippingCardGame-SwiftUIUITests */ = {
			isa = PBXNativeTarget;
			buildConfigurationList = 59450013241B76AA0072E035 /* Build configuration list for PBXNativeTarget "InabaFlippingCardGame-SwiftUIUITests" */;
			buildPhases = (
				58C8A148B65CA6376EE59566 /* [CP] Check Pods Manifest.lock */,
				59450000241B76AA0072E035 /* Sources */,
				59450001241B76AA0072E035 /* Frameworks */,
				59450002241B76AA0072E035 /* Resources */,
				3FCC2E4C63B7247A90B76A3E /* [CP] Embed Pods Frameworks */,
			);
			buildRules = (
			);
			dependencies = (
				59450006241B76AA0072E035 /* PBXTargetDependency */,
			);
			name = "InabaFlippingCardGame-SwiftUIUITests";
			productName = "InabaFlippingCardGame-SwiftUIUITests";
			productReference = 59450004241B76AA0072E035 /* InabaFlippingCardGame-SwiftUIUITests.xctest */;
			productType = "com.apple.product-type.bundle.ui-testing";
		};
		5945FFE2241B76A70072E035 /* InabaFlippingCardGame-SwiftUI */ = {
			isa = PBXNativeTarget;
			buildConfigurationList = 5945000D241B76AA0072E035 /* Build configuration list for PBXNativeTarget "InabaFlippingCardGame-SwiftUI" */;
			buildPhases = (
				4DE242F22EF91C981B0DD407 /* [CP] Check Pods Manifest.lock */,
				5945FFDF241B76A70072E035 /* Sources */,
				5945FFE0241B76A70072E035 /* Frameworks */,
				5945FFE1241B76A70072E035 /* Resources */,
				F391F9D8C996539947655239 /* [CP] Embed Pods Frameworks */,
			);
			buildRules = (
			);
			dependencies = (
			);
			name = "InabaFlippingCardGame-SwiftUI";
			packageProductDependencies = (
				59E2761A2442B53F003F3239 /* QGrid */,
			);
			productName = "InabaFlippingCardGame-SwiftUI";
			productReference = 5945FFE3241B76A70072E035 /* InabaFlippingCardGame-SwiftUI.app */;
			productType = "com.apple.product-type.application";
		};
		5945FFF8241B76AA0072E035 /* InabaFlippingCardGame-SwiftUITests */ = {
			isa = PBXNativeTarget;
			buildConfigurationList = 59450010241B76AA0072E035 /* Build configuration list for PBXNativeTarget "InabaFlippingCardGame-SwiftUITests" */;
			buildPhases = (
				8C7C51EE3B275C792D010352 /* [CP] Check Pods Manifest.lock */,
				5945FFF5241B76AA0072E035 /* Sources */,
				5945FFF6241B76AA0072E035 /* Frameworks */,
				5945FFF7241B76AA0072E035 /* Resources */,
			);
			buildRules = (
			);
			dependencies = (
				5945FFFB241B76AA0072E035 /* PBXTargetDependency */,
			);
			name = "InabaFlippingCardGame-SwiftUITests";
			productName = "InabaFlippingCardGame-SwiftUITests";
			productReference = 5945FFF9241B76AA0072E035 /* InabaFlippingCardGame-SwiftUITests.xctest */;
			productType = "com.apple.product-type.bundle.unit-test";
		};
/* End PBXNativeTarget section */

/* Begin PBXProject section */
		5945FFDB241B76A70072E035 /* Project object */ = {
			isa = PBXProject;
			attributes = {
				LastSwiftUpdateCheck = 1130;
				LastUpgradeCheck = 1130;
				ORGANIZATIONNAME = "深瀬 貴将";
				TargetAttributes = {
					59450003241B76AA0072E035 = {
						CreatedOnToolsVersion = 11.3.1;
						TestTargetID = 5945FFE2241B76A70072E035;
					};
					5945FFE2241B76A70072E035 = {
						CreatedOnToolsVersion = 11.3.1;
					};
					5945FFF8241B76AA0072E035 = {
						CreatedOnToolsVersion = 11.3.1;
						TestTargetID = 5945FFE2241B76A70072E035;
					};
				};
			};
			buildConfigurationList = 5945FFDE241B76A70072E035 /* Build configuration list for PBXProject "InabaFlippingCardGame-SwiftUI" */;
			compatibilityVersion = "Xcode 9.3";
			developmentRegion = en;
			hasScannedForEncodings = 0;
			knownRegions = (
				en,
				Base,
			);
			mainGroup = 5945FFDA241B76A70072E035;
			packageReferences = (
				59E276192442B53E003F3239 /* XCRemoteSwiftPackageReference "QGrid" */,
			);
			productRefGroup = 5945FFE4241B76A70072E035 /* Products */;
			projectDirPath = "";
			projectRoot = "";
			targets = (
				5945FFE2241B76A70072E035 /* InabaFlippingCardGame-SwiftUI */,
				5945FFF8241B76AA0072E035 /* InabaFlippingCardGame-SwiftUITests */,
				59450003241B76AA0072E035 /* InabaFlippingCardGame-SwiftUIUITests */,
			);
		};
/* End PBXProject section */

/* Begin PBXResourcesBuildPhase section */
		59450002241B76AA0072E035 /* Resources */ = {
			isa = PBXResourcesBuildPhase;
			buildActionMask = 2147483647;
			files = (
				591F6BDD24421EF700D2ACB6 /* GoogleService-Info.plist in Resources */,
			);
			runOnlyForDeploymentPostprocessing = 0;
		};
		5945FFE1241B76A70072E035 /* Resources */ = {
			isa = PBXResourcesBuildPhase;
			buildActionMask = 2147483647;
			files = (
				5945FFF3241B76AA0072E035 /* LaunchScreen.storyboard in Resources */,
				591F6BD924421EE800D2ACB6 /* GoogleService-Info.plist in Resources */,
				5945FFF0241B76AA0072E035 /* Preview Assets.xcassets in Resources */,
				5945FFED241B76AA0072E035 /* Assets.xcassets in Resources */,
			);
			runOnlyForDeploymentPostprocessing = 0;
		};
		5945FFF7241B76AA0072E035 /* Resources */ = {
			isa = PBXResourcesBuildPhase;
			buildActionMask = 2147483647;
			files = (
				591F6BDB24421EF200D2ACB6 /* GoogleService-Info.plist in Resources */,
			);
			runOnlyForDeploymentPostprocessing = 0;
		};
/* End PBXResourcesBuildPhase section */

/* Begin PBXShellScriptBuildPhase section */
		3FCC2E4C63B7247A90B76A3E /* [CP] Embed Pods Frameworks */ = {
			isa = PBXShellScriptBuildPhase;
			buildActionMask = 2147483647;
			files = (
			);
			inputFileListPaths = (
				"${PODS_ROOT}/Target Support Files/Pods-InabaFlippingCardGame-SwiftUI-InabaFlippingCardGame-SwiftUIUITests/Pods-InabaFlippingCardGame-SwiftUI-InabaFlippingCardGame-SwiftUIUITests-frameworks-${CONFIGURATION}-input-files.xcfilelist",
			);
			name = "[CP] Embed Pods Frameworks";
			outputFileListPaths = (
				"${PODS_ROOT}/Target Support Files/Pods-InabaFlippingCardGame-SwiftUI-InabaFlippingCardGame-SwiftUIUITests/Pods-InabaFlippingCardGame-SwiftUI-InabaFlippingCardGame-SwiftUIUITests-frameworks-${CONFIGURATION}-output-files.xcfilelist",
			);
			runOnlyForDeploymentPostprocessing = 0;
			shellPath = /bin/sh;
			shellScript = "\"${PODS_ROOT}/Target Support Files/Pods-InabaFlippingCardGame-SwiftUI-InabaFlippingCardGame-SwiftUIUITests/Pods-InabaFlippingCardGame-SwiftUI-InabaFlippingCardGame-SwiftUIUITests-frameworks.sh\"\n";
			showEnvVarsInLog = 0;
		};
		4DE242F22EF91C981B0DD407 /* [CP] Check Pods Manifest.lock */ = {
			isa = PBXShellScriptBuildPhase;
			buildActionMask = 2147483647;
			files = (
			);
			inputFileListPaths = (
			);
			inputPaths = (
				"${PODS_PODFILE_DIR_PATH}/Podfile.lock",
				"${PODS_ROOT}/Manifest.lock",
			);
			name = "[CP] Check Pods Manifest.lock";
			outputFileListPaths = (
			);
			outputPaths = (
				"$(DERIVED_FILE_DIR)/Pods-InabaFlippingCardGame-SwiftUI-checkManifestLockResult.txt",
			);
			runOnlyForDeploymentPostprocessing = 0;
			shellPath = /bin/sh;
			shellScript = "diff \"${PODS_PODFILE_DIR_PATH}/Podfile.lock\" \"${PODS_ROOT}/Manifest.lock\" > /dev/null\nif [ $? != 0 ] ; then\n    # print error to STDERR\n    echo \"error: The sandbox is not in sync with the Podfile.lock. Run 'pod install' or update your CocoaPods installation.\" >&2\n    exit 1\nfi\n# This output is used by Xcode 'outputs' to avoid re-running this script phase.\necho \"SUCCESS\" > \"${SCRIPT_OUTPUT_FILE_0}\"\n";
			showEnvVarsInLog = 0;
		};
		58C8A148B65CA6376EE59566 /* [CP] Check Pods Manifest.lock */ = {
			isa = PBXShellScriptBuildPhase;
			buildActionMask = 2147483647;
			files = (
			);
			inputFileListPaths = (
			);
			inputPaths = (
				"${PODS_PODFILE_DIR_PATH}/Podfile.lock",
				"${PODS_ROOT}/Manifest.lock",
			);
			name = "[CP] Check Pods Manifest.lock";
			outputFileListPaths = (
			);
			outputPaths = (
				"$(DERIVED_FILE_DIR)/Pods-InabaFlippingCardGame-SwiftUI-InabaFlippingCardGame-SwiftUIUITests-checkManifestLockResult.txt",
			);
			runOnlyForDeploymentPostprocessing = 0;
			shellPath = /bin/sh;
			shellScript = "diff \"${PODS_PODFILE_DIR_PATH}/Podfile.lock\" \"${PODS_ROOT}/Manifest.lock\" > /dev/null\nif [ $? != 0 ] ; then\n    # print error to STDERR\n    echo \"error: The sandbox is not in sync with the Podfile.lock. Run 'pod install' or update your CocoaPods installation.\" >&2\n    exit 1\nfi\n# This output is used by Xcode 'outputs' to avoid re-running this script phase.\necho \"SUCCESS\" > \"${SCRIPT_OUTPUT_FILE_0}\"\n";
			showEnvVarsInLog = 0;
		};
		8C7C51EE3B275C792D010352 /* [CP] Check Pods Manifest.lock */ = {
			isa = PBXShellScriptBuildPhase;
			buildActionMask = 2147483647;
			files = (
			);
			inputFileListPaths = (
			);
			inputPaths = (
				"${PODS_PODFILE_DIR_PATH}/Podfile.lock",
				"${PODS_ROOT}/Manifest.lock",
			);
			name = "[CP] Check Pods Manifest.lock";
			outputFileListPaths = (
			);
			outputPaths = (
				"$(DERIVED_FILE_DIR)/Pods-InabaFlippingCardGame-SwiftUITests-checkManifestLockResult.txt",
			);
			runOnlyForDeploymentPostprocessing = 0;
			shellPath = /bin/sh;
			shellScript = "diff \"${PODS_PODFILE_DIR_PATH}/Podfile.lock\" \"${PODS_ROOT}/Manifest.lock\" > /dev/null\nif [ $? != 0 ] ; then\n    # print error to STDERR\n    echo \"error: The sandbox is not in sync with the Podfile.lock. Run 'pod install' or update your CocoaPods installation.\" >&2\n    exit 1\nfi\n# This output is used by Xcode 'outputs' to avoid re-running this script phase.\necho \"SUCCESS\" > \"${SCRIPT_OUTPUT_FILE_0}\"\n";
			showEnvVarsInLog = 0;
		};
		F391F9D8C996539947655239 /* [CP] Embed Pods Frameworks */ = {
			isa = PBXShellScriptBuildPhase;
			buildActionMask = 2147483647;
			files = (
			);
			inputFileListPaths = (
				"${PODS_ROOT}/Target Support Files/Pods-InabaFlippingCardGame-SwiftUI/Pods-InabaFlippingCardGame-SwiftUI-frameworks-${CONFIGURATION}-input-files.xcfilelist",
			);
			name = "[CP] Embed Pods Frameworks";
			outputFileListPaths = (
				"${PODS_ROOT}/Target Support Files/Pods-InabaFlippingCardGame-SwiftUI/Pods-InabaFlippingCardGame-SwiftUI-frameworks-${CONFIGURATION}-output-files.xcfilelist",
			);
			runOnlyForDeploymentPostprocessing = 0;
			shellPath = /bin/sh;
			shellScript = "\"${PODS_ROOT}/Target Support Files/Pods-InabaFlippingCardGame-SwiftUI/Pods-InabaFlippingCardGame-SwiftUI-frameworks.sh\"\n";
			showEnvVarsInLog = 0;
		};
/* End PBXShellScriptBuildPhase section */

/* Begin PBXSourcesBuildPhase section */
		59450000241B76AA0072E035 /* Sources */ = {
			isa = PBXSourcesBuildPhase;
			buildActionMask = 2147483647;
			files = (
				59450009241B76AA0072E035 /* InabaFlippingCardGame_SwiftUIUITests.swift in Sources */,
			);
			runOnlyForDeploymentPostprocessing = 0;
		};
		5945FFDF241B76A70072E035 /* Sources */ = {
			isa = PBXSourcesBuildPhase;
			buildActionMask = 2147483647;
			files = (
				59E27614244227D1003F3239 /* PlayGameFightWithYourSelfPage.swift in Sources */,
				59E27618244228A5003F3239 /* FirestoreViewModel.swift in Sources */,
				59E2761624422854003F3239 /* PlayGameFirestoreOnlinePage.swift in Sources */,
				5945FFE7241B76A70072E035 /* AppDelegate.swift in Sources */,
				5945FFE9241B76A70072E035 /* SceneDelegate.swift in Sources */,
				5945FFEB241B76A70072E035 /* ContentView.swift in Sources */,
				591F6BD72441D59C00D2ACB6 /* LobbyPage.swift in Sources */,
			);
			runOnlyForDeploymentPostprocessing = 0;
		};
		5945FFF5241B76AA0072E035 /* Sources */ = {
			isa = PBXSourcesBuildPhase;
			buildActionMask = 2147483647;
			files = (
				5945FFFE241B76AA0072E035 /* InabaFlippingCardGame_SwiftUITests.swift in Sources */,
			);
			runOnlyForDeploymentPostprocessing = 0;
		};
/* End PBXSourcesBuildPhase section */

/* Begin PBXTargetDependency section */
		59450006241B76AA0072E035 /* PBXTargetDependency */ = {
			isa = PBXTargetDependency;
			target = 5945FFE2241B76A70072E035 /* InabaFlippingCardGame-SwiftUI */;
			targetProxy = 59450005241B76AA0072E035 /* PBXContainerItemProxy */;
		};
		5945FFFB241B76AA0072E035 /* PBXTargetDependency */ = {
			isa = PBXTargetDependency;
			target = 5945FFE2241B76A70072E035 /* InabaFlippingCardGame-SwiftUI */;
			targetProxy = 5945FFFA241B76AA0072E035 /* PBXContainerItemProxy */;
		};
/* End PBXTargetDependency section */

/* Begin PBXVariantGroup section */
		5945FFF1241B76AA0072E035 /* LaunchScreen.storyboard */ = {
			isa = PBXVariantGroup;
			children = (
				5945FFF2241B76AA0072E035 /* Base */,
			);
			name = LaunchScreen.storyboard;
			sourceTree = "<group>";
		};
/* End PBXVariantGroup section */

/* Begin XCBuildConfiguration section */
		5945000B241B76AA0072E035 /* Debug */ = {
			isa = XCBuildConfiguration;
			buildSettings = {
				ALWAYS_SEARCH_USER_PATHS = NO;
				CLANG_ANALYZER_NONNULL = YES;
				CLANG_ANALYZER_NUMBER_OBJECT_CONVERSION = YES_AGGRESSIVE;
				CLANG_CXX_LANGUAGE_STANDARD = "gnu++14";
				CLANG_CXX_LIBRARY = "libc++";
				CLANG_ENABLE_MODULES = YES;
				CLANG_ENABLE_OBJC_ARC = YES;
				CLANG_ENABLE_OBJC_WEAK = YES;
				CLANG_WARN_BLOCK_CAPTURE_AUTORELEASING = YES;
				CLANG_WARN_BOOL_CONVERSION = YES;
				CLANG_WARN_COMMA = YES;
				CLANG_WARN_CONSTANT_CONVERSION = YES;
				CLANG_WARN_DEPRECATED_OBJC_IMPLEMENTATIONS = YES;
				CLANG_WARN_DIRECT_OBJC_ISA_USAGE = YES_ERROR;
				CLANG_WARN_DOCUMENTATION_COMMENTS = YES;
				CLANG_WARN_EMPTY_BODY = YES;
				CLANG_WARN_ENUM_CONVERSION = YES;
				CLANG_WARN_INFINITE_RECURSION = YES;
				CLANG_WARN_INT_CONVERSION = YES;
				CLANG_WARN_NON_LITERAL_NULL_CONVERSION = YES;
				CLANG_WARN_OBJC_IMPLICIT_RETAIN_SELF = YES;
				CLANG_WARN_OBJC_LITERAL_CONVERSION = YES;
				CLANG_WARN_OBJC_ROOT_CLASS = YES_ERROR;
				CLANG_WARN_RANGE_LOOP_ANALYSIS = YES;
				CLANG_WARN_STRICT_PROTOTYPES = YES;
				CLANG_WARN_SUSPICIOUS_MOVE = YES;
				CLANG_WARN_UNGUARDED_AVAILABILITY = YES_AGGRESSIVE;
				CLANG_WARN_UNREACHABLE_CODE = YES;
				CLANG_WARN__DUPLICATE_METHOD_MATCH = YES;
				COPY_PHASE_STRIP = NO;
				DEBUG_INFORMATION_FORMAT = dwarf;
				ENABLE_STRICT_OBJC_MSGSEND = YES;
				ENABLE_TESTABILITY = YES;
				GCC_C_LANGUAGE_STANDARD = gnu11;
				GCC_DYNAMIC_NO_PIC = NO;
				GCC_NO_COMMON_BLOCKS = YES;
				GCC_OPTIMIZATION_LEVEL = 0;
				GCC_PREPROCESSOR_DEFINITIONS = (
					"DEBUG=1",
					"$(inherited)",
				);
				GCC_WARN_64_TO_32_BIT_CONVERSION = YES;
				GCC_WARN_ABOUT_RETURN_TYPE = YES_ERROR;
				GCC_WARN_UNDECLARED_SELECTOR = YES;
				GCC_WARN_UNINITIALIZED_AUTOS = YES_AGGRESSIVE;
				GCC_WARN_UNUSED_FUNCTION = YES;
				GCC_WARN_UNUSED_VARIABLE = YES;
				IPHONEOS_DEPLOYMENT_TARGET = 13.2;
				MTL_ENABLE_DEBUG_INFO = INCLUDE_SOURCE;
				MTL_FAST_MATH = YES;
				ONLY_ACTIVE_ARCH = YES;
				SDKROOT = iphoneos;
				SWIFT_ACTIVE_COMPILATION_CONDITIONS = DEBUG;
				SWIFT_OPTIMIZATION_LEVEL = "-Onone";
			};
			name = Debug;
		};
		5945000C241B76AA0072E035 /* Release */ = {
			isa = XCBuildConfiguration;
			buildSettings = {
				ALWAYS_SEARCH_USER_PATHS = NO;
				CLANG_ANALYZER_NONNULL = YES;
				CLANG_ANALYZER_NUMBER_OBJECT_CONVERSION = YES_AGGRESSIVE;
				CLANG_CXX_LANGUAGE_STANDARD = "gnu++14";
				CLANG_CXX_LIBRARY = "libc++";
				CLANG_ENABLE_MODULES = YES;
				CLANG_ENABLE_OBJC_ARC = YES;
				CLANG_ENABLE_OBJC_WEAK = YES;
				CLANG_WARN_BLOCK_CAPTURE_AUTORELEASING = YES;
				CLANG_WARN_BOOL_CONVERSION = YES;
				CLANG_WARN_COMMA = YES;
				CLANG_WARN_CONSTANT_CONVERSION = YES;
				CLANG_WARN_DEPRECATED_OBJC_IMPLEMENTATIONS = YES;
				CLANG_WARN_DIRECT_OBJC_ISA_USAGE = YES_ERROR;
				CLANG_WARN_DOCUMENTATION_COMMENTS = YES;
				CLANG_WARN_EMPTY_BODY = YES;
				CLANG_WARN_ENUM_CONVERSION = YES;
				CLANG_WARN_INFINITE_RECURSION = YES;
				CLANG_WARN_INT_CONVERSION = YES;
				CLANG_WARN_NON_LITERAL_NULL_CONVERSION = YES;
				CLANG_WARN_OBJC_IMPLICIT_RETAIN_SELF = YES;
				CLANG_WARN_OBJC_LITERAL_CONVERSION = YES;
				CLANG_WARN_OBJC_ROOT_CLASS = YES_ERROR;
				CLANG_WARN_RANGE_LOOP_ANALYSIS = YES;
				CLANG_WARN_STRICT_PROTOTYPES = YES;
				CLANG_WARN_SUSPICIOUS_MOVE = YES;
				CLANG_WARN_UNGUARDED_AVAILABILITY = YES_AGGRESSIVE;
				CLANG_WARN_UNREACHABLE_CODE = YES;
				CLANG_WARN__DUPLICATE_METHOD_MATCH = YES;
				COPY_PHASE_STRIP = NO;
				DEBUG_INFORMATION_FORMAT = "dwarf-with-dsym";
				ENABLE_NS_ASSERTIONS = NO;
				ENABLE_STRICT_OBJC_MSGSEND = YES;
				GCC_C_LANGUAGE_STANDARD = gnu11;
				GCC_NO_COMMON_BLOCKS = YES;
				GCC_WARN_64_TO_32_BIT_CONVERSION = YES;
				GCC_WARN_ABOUT_RETURN_TYPE = YES_ERROR;
				GCC_WARN_UNDECLARED_SELECTOR = YES;
				GCC_WARN_UNINITIALIZED_AUTOS = YES_AGGRESSIVE;
				GCC_WARN_UNUSED_FUNCTION = YES;
				GCC_WARN_UNUSED_VARIABLE = YES;
				IPHONEOS_DEPLOYMENT_TARGET = 13.2;
				MTL_ENABLE_DEBUG_INFO = NO;
				MTL_FAST_MATH = YES;
				SDKROOT = iphoneos;
				SWIFT_COMPILATION_MODE = wholemodule;
				SWIFT_OPTIMIZATION_LEVEL = "-O";
				VALIDATE_PRODUCT = YES;
			};
			name = Release;
		};
		5945000E241B76AA0072E035 /* Debug */ = {
			isa = XCBuildConfiguration;
			baseConfigurationReference = FC6CCCE9FA661386D181A060 /* Pods-InabaFlippingCardGame-SwiftUI.debug.xcconfig */;
			buildSettings = {
				ASSETCATALOG_COMPILER_APPICON_NAME = AppIcon;
				CODE_SIGN_STYLE = Automatic;
				DEVELOPMENT_ASSET_PATHS = "\"InabaFlippingCardGame-SwiftUI/Preview Content\"";
				DEVELOPMENT_TEAM = 37MFDT4LMQ;
				ENABLE_PREVIEWS = YES;
				INFOPLIST_FILE = "InabaFlippingCardGame-SwiftUI/Info.plist";
				IPHONEOS_DEPLOYMENT_TARGET = 13.2;
				LD_RUNPATH_SEARCH_PATHS = (
					"$(inherited)",
					"@executable_path/Frameworks",
				);
				PRODUCT_BUNDLE_IDENTIFIER = "com.fuksae.InabaFlippingCardGame-SwiftUI";
				PRODUCT_NAME = "$(TARGET_NAME)";
				SWIFT_VERSION = 5.0;
				TARGETED_DEVICE_FAMILY = "1,2";
			};
			name = Debug;
		};
		5945000F241B76AA0072E035 /* Release */ = {
			isa = XCBuildConfiguration;
			baseConfigurationReference = B7D6E59996C6FA1068FC5C25 /* Pods-InabaFlippingCardGame-SwiftUI.release.xcconfig */;
			buildSettings = {
				ASSETCATALOG_COMPILER_APPICON_NAME = AppIcon;
				CODE_SIGN_STYLE = Automatic;
				DEVELOPMENT_ASSET_PATHS = "\"InabaFlippingCardGame-SwiftUI/Preview Content\"";
				DEVELOPMENT_TEAM = 37MFDT4LMQ;
				ENABLE_PREVIEWS = YES;
				INFOPLIST_FILE = "InabaFlippingCardGame-SwiftUI/Info.plist";
				IPHONEOS_DEPLOYMENT_TARGET = 13.2;
				LD_RUNPATH_SEARCH_PATHS = (
					"$(inherited)",
					"@executable_path/Frameworks",
				);
				PRODUCT_BUNDLE_IDENTIFIER = "com.fuksae.InabaFlippingCardGame-SwiftUI";
				PRODUCT_NAME = "$(TARGET_NAME)";
				SWIFT_VERSION = 5.0;
				TARGETED_DEVICE_FAMILY = "1,2";
			};
			name = Release;
		};
		59450011241B76AA0072E035 /* Debug */ = {
			isa = XCBuildConfiguration;
			baseConfigurationReference = A677F63E84D5C7AA949BB8D7 /* Pods-InabaFlippingCardGame-SwiftUITests.debug.xcconfig */;
			buildSettings = {
				ALWAYS_EMBED_SWIFT_STANDARD_LIBRARIES = YES;
				BUNDLE_LOADER = "$(TEST_HOST)";
				CODE_SIGN_STYLE = Automatic;
				DEVELOPMENT_TEAM = G8Q84RGJJC;
				INFOPLIST_FILE = "InabaFlippingCardGame-SwiftUITests/Info.plist";
				IPHONEOS_DEPLOYMENT_TARGET = 13.2;
				LD_RUNPATH_SEARCH_PATHS = (
					"$(inherited)",
					"@executable_path/Frameworks",
					"@loader_path/Frameworks",
				);
				PRODUCT_BUNDLE_IDENTIFIER = "com.fuksae.InabaFlippingCardGame-SwiftUITests";
				PRODUCT_NAME = "$(TARGET_NAME)";
				SWIFT_VERSION = 5.0;
				TARGETED_DEVICE_FAMILY = "1,2";
				TEST_HOST = "$(BUILT_PRODUCTS_DIR)/InabaFlippingCardGame-SwiftUI.app/InabaFlippingCardGame-SwiftUI";
			};
			name = Debug;
		};
		59450012241B76AA0072E035 /* Release */ = {
			isa = XCBuildConfiguration;
			baseConfigurationReference = 60CFC430578D352FA534BBCF /* Pods-InabaFlippingCardGame-SwiftUITests.release.xcconfig */;
			buildSettings = {
				ALWAYS_EMBED_SWIFT_STANDARD_LIBRARIES = YES;
				BUNDLE_LOADER = "$(TEST_HOST)";
				CODE_SIGN_STYLE = Automatic;
				DEVELOPMENT_TEAM = G8Q84RGJJC;
				INFOPLIST_FILE = "InabaFlippingCardGame-SwiftUITests/Info.plist";
				IPHONEOS_DEPLOYMENT_TARGET = 13.2;
				LD_RUNPATH_SEARCH_PATHS = (
					"$(inherited)",
					"@executable_path/Frameworks",
					"@loader_path/Frameworks",
				);
				PRODUCT_BUNDLE_IDENTIFIER = "com.fuksae.InabaFlippingCardGame-SwiftUITests";
				PRODUCT_NAME = "$(TARGET_NAME)";
				SWIFT_VERSION = 5.0;
				TARGETED_DEVICE_FAMILY = "1,2";
				TEST_HOST = "$(BUILT_PRODUCTS_DIR)/InabaFlippingCardGame-SwiftUI.app/InabaFlippingCardGame-SwiftUI";
			};
			name = Release;
		};
		59450014241B76AA0072E035 /* Debug */ = {
			isa = XCBuildConfiguration;
			baseConfigurationReference = C5524642DBD506E04D9FC03E /* Pods-InabaFlippingCardGame-SwiftUI-InabaFlippingCardGame-SwiftUIUITests.debug.xcconfig */;
			buildSettings = {
				ALWAYS_EMBED_SWIFT_STANDARD_LIBRARIES = YES;
				CODE_SIGN_STYLE = Automatic;
				DEVELOPMENT_TEAM = G8Q84RGJJC;
				INFOPLIST_FILE = "InabaFlippingCardGame-SwiftUIUITests/Info.plist";
				LD_RUNPATH_SEARCH_PATHS = (
					"$(inherited)",
					"@executable_path/Frameworks",
					"@loader_path/Frameworks",
				);
				PRODUCT_BUNDLE_IDENTIFIER = "com.fuksae.InabaFlippingCardGame-SwiftUIUITests";
				PRODUCT_NAME = "$(TARGET_NAME)";
				SWIFT_VERSION = 5.0;
				TARGETED_DEVICE_FAMILY = "1,2";
				TEST_TARGET_NAME = "InabaFlippingCardGame-SwiftUI";
			};
			name = Debug;
		};
		59450015241B76AA0072E035 /* Release */ = {
			isa = XCBuildConfiguration;
			baseConfigurationReference = 512EFD80C761E3D50A52084E /* Pods-InabaFlippingCardGame-SwiftUI-InabaFlippingCardGame-SwiftUIUITests.release.xcconfig */;
			buildSettings = {
				ALWAYS_EMBED_SWIFT_STANDARD_LIBRARIES = YES;
				CODE_SIGN_STYLE = Automatic;
				DEVELOPMENT_TEAM = G8Q84RGJJC;
				INFOPLIST_FILE = "InabaFlippingCardGame-SwiftUIUITests/Info.plist";
				LD_RUNPATH_SEARCH_PATHS = (
					"$(inherited)",
					"@executable_path/Frameworks",
					"@loader_path/Frameworks",
				);
				PRODUCT_BUNDLE_IDENTIFIER = "com.fuksae.InabaFlippingCardGame-SwiftUIUITests";
				PRODUCT_NAME = "$(TARGET_NAME)";
				SWIFT_VERSION = 5.0;
				TARGETED_DEVICE_FAMILY = "1,2";
				TEST_TARGET_NAME = "InabaFlippingCardGame-SwiftUI";
			};
			name = Release;
		};
/* End XCBuildConfiguration section */

/* Begin XCConfigurationList section */
		5945000D241B76AA0072E035 /* Build configuration list for PBXNativeTarget "InabaFlippingCardGame-SwiftUI" */ = {
			isa = XCConfigurationList;
			buildConfigurations = (
				5945000E241B76AA0072E035 /* Debug */,
				5945000F241B76AA0072E035 /* Release */,
			);
			defaultConfigurationIsVisible = 0;
			defaultConfigurationName = Release;
		};
		59450010241B76AA0072E035 /* Build configuration list for PBXNativeTarget "InabaFlippingCardGame-SwiftUITests" */ = {
			isa = XCConfigurationList;
			buildConfigurations = (
				59450011241B76AA0072E035 /* Debug */,
				59450012241B76AA0072E035 /* Release */,
			);
			defaultConfigurationIsVisible = 0;
			defaultConfigurationName = Release;
		};
		59450013241B76AA0072E035 /* Build configuration list for PBXNativeTarget "InabaFlippingCardGame-SwiftUIUITests" */ = {
			isa = XCConfigurationList;
			buildConfigurations = (
				59450014241B76AA0072E035 /* Debug */,
				59450015241B76AA0072E035 /* Release */,
			);
			defaultConfigurationIsVisible = 0;
			defaultConfigurationName = Release;
		};
		5945FFDE241B76A70072E035 /* Build configuration list for PBXProject "InabaFlippingCardGame-SwiftUI" */ = {
			isa = XCConfigurationList;
			buildConfigurations = (
				5945000B241B76AA0072E035 /* Debug */,
				5945000C241B76AA0072E035 /* Release */,
			);
			defaultConfigurationIsVisible = 0;
			defaultConfigurationName = Release;
		};
/* End XCConfigurationList section */

/* Begin XCRemoteSwiftPackageReference section */
		59E276192442B53E003F3239 /* XCRemoteSwiftPackageReference "QGrid" */ = {
			isa = XCRemoteSwiftPackageReference;
			repositoryURL = "https://github.com/Q-Mobile/QGrid";
			requirement = {
				kind = upToNextMajorVersion;
				minimumVersion = 0.1.4;
			};
		};
/* End XCRemoteSwiftPackageReference section */

/* Begin XCSwiftPackageProductDependency section */
		59E2761A2442B53F003F3239 /* QGrid */ = {
			isa = XCSwiftPackageProductDependency;
			package = 59E276192442B53E003F3239 /* XCRemoteSwiftPackageReference "QGrid" */;
			productName = QGrid;
		};
/* End XCSwiftPackageProductDependency section */
	};
	rootObject = 5945FFDB241B76A70072E035 /* Project object */;
}
